// !$*UTF8*$!
{
	archiveVersion = 1;
	classes = {
	};
	objectVersion = 46;
	objects = {

/* Begin PBXBuildFile section */
		8CA552D51B999D6200DCA97A /* main.m in Sources */ = {isa = PBXBuildFile; fileRef = 8CA552D41B999D6200DCA97A /* main.m */; };
		8CA552D81B999D6200DCA97A /* AppDelegate.m in Sources */ = {isa = PBXBuildFile; fileRef = 8CA552D71B999D6200DCA97A /* AppDelegate.m */; };
		8CA552DB1B999D6200DCA97A /* ViewController.m in Sources */ = {isa = PBXBuildFile; fileRef = 8CA552DA1B999D6200DCA97A /* ViewController.m */; };
		8CA552DE1B999D6300DCA97A /* Main.storyboard in Resources */ = {isa = PBXBuildFile; fileRef = 8CA552DC1B999D6300DCA97A /* Main.storyboard */; };
		8CA552E01B999D6300DCA97A /* Images.xcassets in Resources */ = {isa = PBXBuildFile; fileRef = 8CA552DF1B999D6300DCA97A /* Images.xcassets */; };
		8CA552E31B999D6300DCA97A /* LaunchScreen.xib in Resources */ = {isa = PBXBuildFile; fileRef = 8CA552E11B999D6300DCA97A /* LaunchScreen.xib */; };
		8CA552EF1B999D6300DCA97A /* Keyboard_TestsTests.m in Sources */ = {isa = PBXBuildFile; fileRef = 8CA552EE1B999D6300DCA97A /* Keyboard_TestsTests.m */; };
		8CA552FA1B99B96200DCA97A /* ScrollTestViewController.m in Sources */ = {isa = PBXBuildFile; fileRef = 8CA552F91B99B96200DCA97A /* ScrollTestViewController.m */; };
/* End PBXBuildFile section */

/* Begin PBXContainerItemProxy section */
		8CA552E91B999D6300DCA97A /* PBXContainerItemProxy */ = {
			isa = PBXContainerItemProxy;
			containerPortal = 8CA552C71B999D6200DCA97A /* Project object */;
			proxyType = 1;
			remoteGlobalIDString = 8CA552CE1B999D6200DCA97A;
			remoteInfo = "Keyboard Tests";
		};
/* End PBXContainerItemProxy section */

/* Begin PBXFileReference section */
		8CA552CF1B999D6200DCA97A /* Keyboard Tests.app */ = {isa = PBXFileReference; explicitFileType = wrapper.application; includeInIndex = 0; path = "Keyboard Tests.app"; sourceTree = BUILT_PRODUCTS_DIR; };
		8CA552D31B999D6200DCA97A /* Info.plist */ = {isa = PBXFileReference; lastKnownFileType = text.plist.xml; path = Info.plist; sourceTree = "<group>"; };
		8CA552D41B999D6200DCA97A /* main.m */ = {isa = PBXFileReference; lastKnownFileType = sourcecode.c.objc; path = main.m; sourceTree = "<group>"; };
		8CA552D61B999D6200DCA97A /* AppDelegate.h */ = {isa = PBXFileReference; lastKnownFileType = sourcecode.c.h; path = AppDelegate.h; sourceTree = "<group>"; };
		8CA552D71B999D6200DCA97A /* AppDelegate.m */ = {isa = PBXFileReference; lastKnownFileType = sourcecode.c.objc; path = AppDelegate.m; sourceTree = "<group>"; };
		8CA552D91B999D6200DCA97A /* ViewController.h */ = {isa = PBXFileReference; lastKnownFileType = sourcecode.c.h; path = ViewController.h; sourceTree = "<group>"; };
		8CA552DA1B999D6200DCA97A /* ViewController.m */ = {isa = PBXFileReference; lastKnownFileType = sourcecode.c.objc; path = ViewController.m; sourceTree = "<group>"; };
		8CA552DD1B999D6300DCA97A /* Base */ = {isa = PBXFileReference; lastKnownFileType = file.storyboard; name = Base; path = Base.lproj/Main.storyboard; sourceTree = "<group>"; };
		8CA552DF1B999D6300DCA97A /* Images.xcassets */ = {isa = PBXFileReference; lastKnownFileType = folder.assetcatalog; path = Images.xcassets; sourceTree = "<group>"; };
		8CA552E21B999D6300DCA97A /* Base */ = {isa = PBXFileReference; lastKnownFileType = file.xib; name = Base; path = Base.lproj/LaunchScreen.xib; sourceTree = "<group>"; };
		8CA552E81B999D6300DCA97A /* Keyboard TestsTests.xctest */ = {isa = PBXFileReference; explicitFileType = wrapper.cfbundle; includeInIndex = 0; path = "Keyboard TestsTests.xctest"; sourceTree = BUILT_PRODUCTS_DIR; };
		8CA552ED1B999D6300DCA97A /* Info.plist */ = {isa = PBXFileReference; lastKnownFileType = text.plist.xml; path = Info.plist; sourceTree = "<group>"; };
		8CA552EE1B999D6300DCA97A /* Keyboard_TestsTests.m */ = {isa = PBXFileReference; lastKnownFileType = sourcecode.c.objc; path = Keyboard_TestsTests.m; sourceTree = "<group>"; };
		8CA552F81B99B96200DCA97A /* ScrollTestViewController.h */ = {isa = PBXFileReference; fileEncoding = 4; lastKnownFileType = sourcecode.c.h; path = ScrollTestViewController.h; sourceTree = "<group>"; };
		8CA552F91B99B96200DCA97A /* ScrollTestViewController.m */ = {isa = PBXFileReference; fileEncoding = 4; lastKnownFileType = sourcecode.c.objc; path = ScrollTestViewController.m; sourceTree = "<group>"; };
/* End PBXFileReference section */

/* Begin PBXFrameworksBuildPhase section */
		8CA552CC1B999D6200DCA97A /* Frameworks */ = {
			isa = PBXFrameworksBuildPhase;
			buildActionMask = 2147483647;
			files = (
			);
			runOnlyForDeploymentPostprocessing = 0;
		};
		8CA552E51B999D6300DCA97A /* Frameworks */ = {
			isa = PBXFrameworksBuildPhase;
			buildActionMask = 2147483647;
			files = (
			);
			runOnlyForDeploymentPostprocessing = 0;
		};
/* End PBXFrameworksBuildPhase section */

/* Begin PBXGroup section */
		8CA552C61B999D6200DCA97A = {
			isa = PBXGroup;
			children = (
				8CA552D11B999D6200DCA97A /* Keyboard Tests */,
				8CA552EB1B999D6300DCA97A /* Keyboard TestsTests */,
				8CA552D01B999D6200DCA97A /* Products */,
			);
			sourceTree = "<group>";
		};
		8CA552D01B999D6200DCA97A /* Products */ = {
			isa = PBXGroup;
			children = (
				8CA552CF1B999D6200DCA97A /* Keyboard Tests.app */,
				8CA552E81B999D6300DCA97A /* Keyboard TestsTests.xctest */,
			);
			name = Products;
			sourceTree = "<group>";
		};
		8CA552D11B999D6200DCA97A /* Keyboard Tests */ = {
			isa = PBXGroup;
			children = (
				8CA552D61B999D6200DCA97A /* AppDelegate.h */,
				8CA552D71B999D6200DCA97A /* AppDelegate.m */,
				8CA552D91B999D6200DCA97A /* ViewController.h */,
				8CA552DA1B999D6200DCA97A /* ViewController.m */,
				8CA552DC1B999D6300DCA97A /* Main.storyboard */,
				8CA552DF1B999D6300DCA97A /* Images.xcassets */,
				8CA552E11B999D6300DCA97A /* LaunchScreen.xib */,
				8CA552D21B999D6200DCA97A /* Supporting Files */,
				8CA552F81B99B96200DCA97A /* ScrollTestViewController.h */,
				8CA552F91B99B96200DCA97A /* ScrollTestViewController.m */,
			);
			path = "Keyboard Tests";
			sourceTree = "<group>";
		};
		8CA552D21B999D6200DCA97A /* Supporting Files */ = {
			isa = PBXGroup;
			children = (
				8CA552D31B999D6200DCA97A /* Info.plist */,
				8CA552D41B999D6200DCA97A /* main.m */,
			);
			name = "Supporting Files";
			sourceTree = "<group>";
		};
		8CA552EB1B999D6300DCA97A /* Keyboard TestsTests */ = {
			isa = PBXGroup;
			children = (
				8CA552EE1B999D6300DCA97A /* Keyboard_TestsTests.m */,
				8CA552EC1B999D6300DCA97A /* Supporting Files */,
			);
			path = "Keyboard TestsTests";
			sourceTree = "<group>";
		};
		8CA552EC1B999D6300DCA97A /* Supporting Files */ = {
			isa = PBXGroup;
			children = (
				8CA552ED1B999D6300DCA97A /* Info.plist */,
			);
			name = "Supporting Files";
			sourceTree = "<group>";
		};
/* End PBXGroup section */

/* Begin PBXNativeTarget section */
		8CA552CE1B999D6200DCA97A /* Keyboard Tests */ = {
			isa = PBXNativeTarget;
			buildConfigurationList = 8CA552F21B999D6300DCA97A /* Build configuration list for PBXNativeTarget "Keyboard Tests" */;
			buildPhases = (
				8CA552CB1B999D6200DCA97A /* Sources */,
				8CA552CC1B999D6200DCA97A /* Frameworks */,
				8CA552CD1B999D6200DCA97A /* Resources */,
			);
			buildRules = (
			);
			dependencies = (
			);
			name = "Keyboard Tests";
			productName = "Keyboard Tests";
			productReference = 8CA552CF1B999D6200DCA97A /* Keyboard Tests.app */;
			productType = "com.apple.product-type.application";
		};
		8CA552E71B999D6300DCA97A /* Keyboard TestsTests */ = {
			isa = PBXNativeTarget;
			buildConfigurationList = 8CA552F51B999D6300DCA97A /* Build configuration list for PBXNativeTarget "Keyboard TestsTests" */;
			buildPhases = (
				8CA552E41B999D6300DCA97A /* Sources */,
				8CA552E51B999D6300DCA97A /* Frameworks */,
				8CA552E61B999D6300DCA97A /* Resources */,
			);
			buildRules = (
			);
			dependencies = (
				8CA552EA1B999D6300DCA97A /* PBXTargetDependency */,
			);
			name = "Keyboard TestsTests";
			productName = "Keyboard TestsTests";
			productReference = 8CA552E81B999D6300DCA97A /* Keyboard TestsTests.xctest */;
			productType = "com.apple.product-type.bundle.unit-test";
		};
/* End PBXNativeTarget section */

/* Begin PBXProject section */
		8CA552C71B999D6200DCA97A /* Project object */ = {
			isa = PBXProject;
			attributes = {
				LastUpgradeCheck = 0640;
				ORGANIZATIONNAME = "Cristiano Alves";
				TargetAttributes = {
					8CA552CE1B999D6200DCA97A = {
						CreatedOnToolsVersion = 6.4;
					};
					8CA552E71B999D6300DCA97A = {
						CreatedOnToolsVersion = 6.4;
						TestTargetID = 8CA552CE1B999D6200DCA97A;
					};
				};
			};
			buildConfigurationList = 8CA552CA1B999D6200DCA97A /* Build configuration list for PBXProject "Keyboard Tests" */;
			compatibilityVersion = "Xcode 3.2";
			developmentRegion = English;
			hasScannedForEncodings = 0;
			knownRegions = (
				en,
				Base,
			);
			mainGroup = 8CA552C61B999D6200DCA97A;
			productRefGroup = 8CA552D01B999D6200DCA97A /* Products */;
			projectDirPath = "";
			projectRoot = "";
			targets = (
				8CA552CE1B999D6200DCA97A /* Keyboard Tests */,
				8CA552E71B999D6300DCA97A /* Keyboard TestsTests */,
			);
		};
/* End PBXProject section */

/* Begin PBXResourcesBuildPhase section */
		8CA552CD1B999D6200DCA97A /* Resources */ = {
			isa = PBXResourcesBuildPhase;
			buildActionMask = 2147483647;
			files = (
				8CA552DE1B999D6300DCA97A /* Main.storyboard in Resources */,
				8CA552E31B999D6300DCA97A /* LaunchScreen.xib in Resources */,
				8CA552E01B999D6300DCA97A /* Images.xcassets in Resources */,
			);
			runOnlyForDeploymentPostprocessing = 0;
		};
		8CA552E61B999D6300DCA97A /* Resources */ = {
			isa = PBXResourcesBuildPhase;
			buildActionMask = 2147483647;
			files = (
			);
			runOnlyForDeploymentPostprocessing = 0;
		};
/* End PBXResourcesBuildPhase section */

/* Begin PBXSourcesBuildPhase section */
		8CA552CB1B999D6200DCA97A /* Sources */ = {
			isa = PBXSourcesBuildPhase;
			buildActionMask = 2147483647;
			files = (
				8CA552DB1B999D6200DCA97A /* ViewController.m in Sources */,
				8CA552D81B999D6200DCA97A /* AppDelegate.m in Sources */,
				8CA552D51B999D6200DCA97A /* main.m in Sources */,
				8CA552FA1B99B96200DCA97A /* ScrollTestViewController.m in Sources */,
			);
			runOnlyForDeploymentPostprocessing = 0;
		};
		8CA552E41B999D6300DCA97A /* Sources */ = {
			isa = PBXSourcesBuildPhase;
			buildActionMask = 2147483647;
			files = (
				8CA552EF1B999D6300DCA97A /* Keyboard_TestsTests.m in Sources */,
			);
			runOnlyForDeploymentPostprocessing = 0;
		};
/* End PBXSourcesBuildPhase section */

/* Begin PBXTargetDependency section */
		8CA552EA1B999D6300DCA97A /* PBXTargetDependency */ = {
			isa = PBXTargetDependency;
			target = 8CA552CE1B999D6200DCA97A /* Keyboard Tests */;
			targetProxy = 8CA552E91B999D6300DCA97A /* PBXContainerItemProxy */;
		};
/* End PBXTargetDependency section */

/* Begin PBXVariantGroup section */
		8CA552DC1B999D6300DCA97A /* Main.storyboard */ = {
			isa = PBXVariantGroup;
			children = (
				8CA552DD1B999D6300DCA97A /* Base */,
			);
			name = Main.storyboard;
			sourceTree = "<group>";
		};
		8CA552E11B999D6300DCA97A /* LaunchScreen.xib */ = {
			isa = PBXVariantGroup;
			children = (
				8CA552E21B999D6300DCA97A /* Base */,
			);
			name = LaunchScreen.xib;
			sourceTree = "<group>";
		};
/* End PBXVariantGroup section */

/* Begin XCBuildConfiguration section */
		8CA552F01B999D6300DCA97A /* Debug */ = {
			isa = XCBuildConfiguration;
			buildSettings = {
				ALWAYS_SEARCH_USER_PATHS = NO;
				CLANG_CXX_LANGUAGE_STANDARD = "gnu++0x";
				CLANG_CXX_LIBRARY = "libc++";
				CLANG_ENABLE_MODULES = YES;
				CLANG_ENABLE_OBJC_ARC = YES;
				CLANG_WARN_BOOL_CONVERSION = YES;
				CLANG_WARN_CONSTANT_CONVERSION = YES;
				CLANG_WARN_DIRECT_OBJC_ISA_USAGE = YES_ERROR;
				CLANG_WARN_EMPTY_BODY = YES;
				CLANG_WARN_ENUM_CONVERSION = YES;
				CLANG_WARN_INT_CONVERSION = YES;
				CLANG_WARN_OBJC_ROOT_CLASS = YES_ERROR;
				CLANG_WARN_UNREACHABLE_CODE = YES;
				CLANG_WARN__DUPLICATE_METHOD_MATCH = YES;
				"CODE_SIGN_IDENTITY[sdk=iphoneos*]" = "iPhone Developer";
				COPY_PHASE_STRIP = NO;
				DEBUG_INFORMATION_FORMAT = "dwarf-with-dsym";
				ENABLE_STRICT_OBJC_MSGSEND = YES;
				GCC_C_LANGUAGE_STANDARD = gnu99;
				GCC_DYNAMIC_NO_PIC = NO;
				GCC_NO_COMMON_BLOCKS = YES;
				GCC_OPTIMIZATION_LEVEL = 0;
				GCC_PREPROCESSOR_DEFINITIONS = (
					"DEBUG=1",
					"$(inherited)",
				);
				GCC_SYMBOLS_PRIVATE_EXTERN = NO;
				GCC_WARN_64_TO_32_BIT_CONVERSION = YES;
				GCC_WARN_ABOUT_RETURN_TYPE = YES_ERROR;
				GCC_WARN_UNDECLARED_SELECTOR = YES;
				GCC_WARN_UNINITIALIZED_AUTOS = YES_AGGRESSIVE;
				GCC_WARN_UNUSED_FUNCTION = YES;
				GCC_WARN_UNUSED_VARIABLE = YES;
				IPHONEOS_DEPLOYMENT_TARGET = 8.4;
				MTL_ENABLE_DEBUG_INFO = YES;
				ONLY_ACTIVE_ARCH = YES;
				SDKROOT = iphoneos;
			};
			name = Debug;
		};
		8CA552F11B999D6300DCA97A /* Release */ = {
			isa = XCBuildConfiguration;
			buildSettings = {
				ALWAYS_SEARCH_USER_PATHS = NO;
				CLANG_CXX_LANGUAGE_STANDARD = "gnu++0x";
				CLANG_CXX_LIBRARY = "libc++";
				CLANG_ENABLE_MODULES = YES;
				CLANG_ENABLE_OBJC_ARC = YES;
				CLANG_WARN_BOOL_CONVERSION = YES;
				CLANG_WARN_CONSTANT_CONVERSION = YES;
				CLANG_WARN_DIRECT_OBJC_ISA_USAGE = YES_ERROR;
				CLANG_WARN_EMPTY_BODY = YES;
				CLANG_WARN_ENUM_CONVERSION = YES;
				CLANG_WARN_INT_CONVERSION = YES;
				CLANG_WARN_OBJC_ROOT_CLASS = YES_ERROR;
				CLANG_WARN_UNREACHABLE_CODE = YES;
				CLANG_WARN__DUPLICATE_METHOD_MATCH = YES;
				"CODE_SIGN_IDENTITY[sdk=iphoneos*]" = "iPhone Developer";
				COPY_PHASE_STRIP = NO;
				DEBUG_INFORMATION_FORMAT = "dwarf-with-dsym";
				ENABLE_NS_ASSERTIONS = NO;
				ENABLE_STRICT_OBJC_MSGSEND = YES;
				GCC_C_LANGUAGE_STANDARD = gnu99;
				GCC_NO_COMMON_BLOCKS = YES;
				GCC_WARN_64_TO_32_BIT_CONVERSION = YES;
				GCC_WARN_ABOUT_RETURN_TYPE = YES_ERROR;
				GCC_WARN_UNDECLARED_SELECTOR = YES;
				GCC_WARN_UNINITIALIZED_AUTOS = YES_AGGRESSIVE;
				GCC_WARN_UNUSED_FUNCTION = YES;
				GCC_WARN_UNUSED_VARIABLE = YES;
				IPHONEOS_DEPLOYMENT_TARGET = 8.4;
				MTL_ENABLE_DEBUG_INFO = NO;
				SDKROOT = iphoneos;
				VALIDATE_PRODUCT = YES;
			};
			name = Release;
		};
		8CA552F31B999D6300DCA97A /* Debug */ = {
			isa = XCBuildConfiguration;
			buildSettings = {
				ASSETCATALOG_COMPILER_APPICON_NAME = AppIcon;
				INFOPLIST_FILE = "Keyboard Tests/Info.plist";
				LD_RUNPATH_SEARCH_PATHS = "$(inherited) @executable_path/Frameworks";
				PRODUCT_NAME = "$(TARGET_NAME)";
			};
			name = Debug;
		};
		8CA552F41B999D6300DCA97A /* Release */ = {
			isa = XCBuildConfiguration;
			buildSettings = {
				ASSETCATALOG_COMPILER_APPICON_NAME = AppIcon;
				INFOPLIST_FILE = "Keyboard Tests/Info.plist";
				LD_RUNPATH_SEARCH_PATHS = "$(inherited) @executable_path/Frameworks";
				PRODUCT_NAME = "$(TARGET_NAME)";
			};
			name = Release;
		};
		8CA552F61B999D6300DCA97A /* Debug */ = {
			isa = XCBuildConfiguration;
			buildSettings = {
				BUNDLE_LOADER = "$(TEST_HOST)";
				FRAMEWORK_SEARCH_PATHS = (
					"$(SDKROOT)/Developer/Library/Frameworks",
					"$(inherited)",
				);
				GCC_PREPROCESSOR_DEFINITIONS = (
					"DEBUG=1",
					"$(inherited)",
				);
				INFOPLIST_FILE = "Keyboard TestsTests/Info.plist";
				LD_RUNPATH_SEARCH_PATHS = "$(inherited) @executable_path/Frameworks @loader_path/Frameworks";
				PRODUCT_NAME = "$(TARGET_NAME)";
				TEST_HOST = "$(BUILT_PRODUCTS_DIR)/Keyboard Tests.app/Keyboard Tests";
			};
			name = Debug;
		};
		8CA552F71B999D6300DCA97A /* Release */ = {
			isa = XCBuildConfiguration;
			buildSettings = {
				BUNDLE_LOADER = "$(TEST_HOST)";
				FRAMEWORK_SEARCH_PATHS = (
					"$(SDKROOT)/Developer/Library/Frameworks",
					"$(inherited)",
				);
				INFOPLIST_FILE = "Keyboard TestsTests/Info.plist";
				LD_RUNPATH_SEARCH_PATHS = "$(inherited) @executable_path/Frameworks @loader_path/Frameworks";
				PRODUCT_NAME = "$(TARGET_NAME)";
				TEST_HOST = "$(BUILT_PRODUCTS_DIR)/Keyboard Tests.app/Keyboard Tests";
			};
			name = Release;
		};
/* End XCBuildConfiguration section */

/* Begin XCConfigurationList section */
		8CA552CA1B999D6200DCA97A /* Build configuration list for PBXProject "Keyboard Tests" */ = {
			isa = XCConfigurationList;
			buildConfigurations = (
				8CA552F01B999D6300DCA97A /* Debug */,
				8CA552F11B999D6300DCA97A /* Release */,
			);
			defaultConfigurationIsVisible = 0;
			defaultConfigurationName = Release;
		};
		8CA552F21B999D6300DCA97A /* Build configuration list for PBXNativeTarget "Keyboard Tests" */ = {
			isa = XCConfigurationList;
			buildConfigurations = (
				8CA552F31B999D6300DCA97A /* Debug */,
				8CA552F41B999D6300DCA97A /* Release */,
			);
			defaultConfigurationIsVisible = 0;
		};
		8CA552F51B999D6300DCA97A /* Build configuration list for PBXNativeTarget "Keyboard TestsTests" */ = {
			isa = XCConfigurationList;
			buildConfigurations = (
				8CA552F61B999D6300DCA97A /* Debug */,
				8CA552F71B999D6300DCA97A /* Release */,
			);
			defaultConfigurationIsVisible = 0;
		};
/* End XCConfigurationList section */
	};
	rootObject = 8CA552C71B999D6200DCA97A /* Project object */;
}
